// !$*UTF8*$!
{
	archiveVersion = 1;
	classes = {
	};
	objectVersion = 46;
	objects = {

/* Begin PBXBuildFile section */
		6B1A728F1F61AD3300836FE3 /* BinarySearchProblems.swift in Sources */ = {isa = PBXBuildFile; fileRef = 6B1A728E1F61AD3300836FE3 /* BinarySearchProblems.swift */; };
		6B1FFBC41F19CB3E005C1D14 /* problems_111_to_120.swift in Sources */ = {isa = PBXBuildFile; fileRef = 6B1FFBC31F19CB3E005C1D14 /* problems_111_to_120.swift */; };
		6B1FFBC61F19CBA2005C1D14 /* data_structure.swift in Sources */ = {isa = PBXBuildFile; fileRef = 6B1FFBC51F19CBA2005C1D14 /* data_structure.swift */; };
		6B4090751F303DF60067945D /* problems_021_to_030.swift in Sources */ = {isa = PBXBuildFile; fileRef = 6B4090741F303DF60067945D /* problems_021_to_030.swift */; };
		6B6229CE1F4603E600C69A0C /* LinkedListProblems.swift in Sources */ = {isa = PBXBuildFile; fileRef = 6B6229CD1F4603E600C69A0C /* LinkedListProblems.swift */; };
		6BA4050A1F420DCF00AF386A /* problems_381_to_390.swift in Sources */ = {isa = PBXBuildFile; fileRef = 6BA405091F420DCF00AF386A /* problems_381_to_390.swift */; };
		6BAA92AC1F435382004F7A91 /* problems_521_to_530.swift in Sources */ = {isa = PBXBuildFile; fileRef = 6BAA92AB1F435382004F7A91 /* problems_521_to_530.swift */; };
		6BBA42241F42A15B00D42321 /* problems_061_to_070.swift in Sources */ = {isa = PBXBuildFile; fileRef = 6BBA42231F42A15B00D42321 /* problems_061_to_070.swift */; };
		6BCE57D91F1E676A00DB2594 /* problems_011_to_020.swift in Sources */ = {isa = PBXBuildFile; fileRef = 6BCE57D81F1E676A00DB2594 /* problems_011_to_020.swift */; };
		6BF6E5D11F4498B600B120F4 /* problems_131_to_140.swift in Sources */ = {isa = PBXBuildFile; fileRef = 6BF6E5D01F4498B600B120F4 /* problems_131_to_140.swift */; };
		6BF6E5D41F44A0E700B120F4 /* BreadthFirstSearchProblems.swift in Sources */ = {isa = PBXBuildFile; fileRef = 6BF6E5D31F44A0E700B120F4 /* BreadthFirstSearchProblems.swift */; };
		6BF6E5D61F44AF7700B120F4 /* BinarySearchTreeProblems.swift in Sources */ = {isa = PBXBuildFile; fileRef = 6BF6E5D51F44AF7700B120F4 /* BinarySearchTreeProblems.swift */; };
		6BFE6DEF1F15776B00CA5288 /* AppDelegate.swift in Sources */ = {isa = PBXBuildFile; fileRef = 6BFE6DEE1F15776B00CA5288 /* AppDelegate.swift */; };
		6BFE6DF11F15776B00CA5288 /* ViewController.swift in Sources */ = {isa = PBXBuildFile; fileRef = 6BFE6DF01F15776B00CA5288 /* ViewController.swift */; };
		6BFE6DF41F15776B00CA5288 /* Main.storyboard in Resources */ = {isa = PBXBuildFile; fileRef = 6BFE6DF21F15776B00CA5288 /* Main.storyboard */; };
		6BFE6DF61F15776B00CA5288 /* Assets.xcassets in Resources */ = {isa = PBXBuildFile; fileRef = 6BFE6DF51F15776B00CA5288 /* Assets.xcassets */; };
		6BFE6DF91F15776B00CA5288 /* LaunchScreen.storyboard in Resources */ = {isa = PBXBuildFile; fileRef = 6BFE6DF71F15776B00CA5288 /* LaunchScreen.storyboard */; };
		6BFE6E041F15776B00CA5288 /* SwiftLeetCodeTests.swift in Sources */ = {isa = PBXBuildFile; fileRef = 6BFE6E031F15776B00CA5288 /* SwiftLeetCodeTests.swift */; };
/* End PBXBuildFile section */

/* Begin PBXContainerItemProxy section */
		6BFE6E001F15776B00CA5288 /* PBXContainerItemProxy */ = {
			isa = PBXContainerItemProxy;
			containerPortal = 6BFE6DE31F15776B00CA5288 /* Project object */;
			proxyType = 1;
			remoteGlobalIDString = 6BFE6DEA1F15776B00CA5288;
			remoteInfo = SwiftLeetCode;
		};
/* End PBXContainerItemProxy section */

/* Begin PBXFileReference section */
		6B1A728E1F61AD3300836FE3 /* BinarySearchProblems.swift */ = {isa = PBXFileReference; fileEncoding = 4; lastKnownFileType = sourcecode.swift; path = BinarySearchProblems.swift; sourceTree = "<group>"; };
		6B1FFBC31F19CB3E005C1D14 /* problems_111_to_120.swift */ = {isa = PBXFileReference; fileEncoding = 4; lastKnownFileType = sourcecode.swift; path = problems_111_to_120.swift; sourceTree = "<group>"; };
		6B1FFBC51F19CBA2005C1D14 /* data_structure.swift */ = {isa = PBXFileReference; fileEncoding = 4; lastKnownFileType = sourcecode.swift; path = data_structure.swift; sourceTree = "<group>"; };
		6B4090741F303DF60067945D /* problems_021_to_030.swift */ = {isa = PBXFileReference; fileEncoding = 4; lastKnownFileType = sourcecode.swift; path = problems_021_to_030.swift; sourceTree = "<group>"; };
		6B6229CD1F4603E600C69A0C /* LinkedListProblems.swift */ = {isa = PBXFileReference; fileEncoding = 4; lastKnownFileType = sourcecode.swift; path = LinkedListProblems.swift; sourceTree = "<group>"; };
		6BA405091F420DCF00AF386A /* problems_381_to_390.swift */ = {isa = PBXFileReference; fileEncoding = 4; lastKnownFileType = sourcecode.swift; path = problems_381_to_390.swift; sourceTree = "<group>"; };
		6BAA92AB1F435382004F7A91 /* problems_521_to_530.swift */ = {isa = PBXFileReference; fileEncoding = 4; lastKnownFileType = sourcecode.swift; path = problems_521_to_530.swift; sourceTree = "<group>"; };
		6BBA42231F42A15B00D42321 /* problems_061_to_070.swift */ = {isa = PBXFileReference; fileEncoding = 4; lastKnownFileType = sourcecode.swift; path = problems_061_to_070.swift; sourceTree = "<group>"; };
		6BCE57D81F1E676A00DB2594 /* problems_011_to_020.swift */ = {isa = PBXFileReference; fileEncoding = 4; lastKnownFileType = sourcecode.swift; path = problems_011_to_020.swift; sourceTree = "<group>"; };
		6BF6E5D01F4498B600B120F4 /* problems_131_to_140.swift */ = {isa = PBXFileReference; fileEncoding = 4; lastKnownFileType = sourcecode.swift; path = problems_131_to_140.swift; sourceTree = "<group>"; };
		6BF6E5D31F44A0E700B120F4 /* BreadthFirstSearchProblems.swift */ = {isa = PBXFileReference; fileEncoding = 4; lastKnownFileType = sourcecode.swift; path = BreadthFirstSearchProblems.swift; sourceTree = "<group>"; };
		6BF6E5D51F44AF7700B120F4 /* BinarySearchTreeProblems.swift */ = {isa = PBXFileReference; fileEncoding = 4; lastKnownFileType = sourcecode.swift; path = BinarySearchTreeProblems.swift; sourceTree = "<group>"; };
		6BFE6DEB1F15776B00CA5288 /* SwiftLeetCode.app */ = {isa = PBXFileReference; explicitFileType = wrapper.application; includeInIndex = 0; path = SwiftLeetCode.app; sourceTree = BUILT_PRODUCTS_DIR; };
		6BFE6DEE1F15776B00CA5288 /* AppDelegate.swift */ = {isa = PBXFileReference; lastKnownFileType = sourcecode.swift; path = AppDelegate.swift; sourceTree = "<group>"; };
		6BFE6DF01F15776B00CA5288 /* ViewController.swift */ = {isa = PBXFileReference; lastKnownFileType = sourcecode.swift; path = ViewController.swift; sourceTree = "<group>"; };
		6BFE6DF31F15776B00CA5288 /* Base */ = {isa = PBXFileReference; lastKnownFileType = file.storyboard; name = Base; path = Base.lproj/Main.storyboard; sourceTree = "<group>"; };
		6BFE6DF51F15776B00CA5288 /* Assets.xcassets */ = {isa = PBXFileReference; lastKnownFileType = folder.assetcatalog; path = Assets.xcassets; sourceTree = "<group>"; };
		6BFE6DF81F15776B00CA5288 /* Base */ = {isa = PBXFileReference; lastKnownFileType = file.storyboard; name = Base; path = Base.lproj/LaunchScreen.storyboard; sourceTree = "<group>"; };
		6BFE6DFA1F15776B00CA5288 /* Info.plist */ = {isa = PBXFileReference; lastKnownFileType = text.plist.xml; path = Info.plist; sourceTree = "<group>"; };
		6BFE6DFF1F15776B00CA5288 /* SwiftLeetCodeTests.xctest */ = {isa = PBXFileReference; explicitFileType = wrapper.cfbundle; includeInIndex = 0; path = SwiftLeetCodeTests.xctest; sourceTree = BUILT_PRODUCTS_DIR; };
		6BFE6E031F15776B00CA5288 /* SwiftLeetCodeTests.swift */ = {isa = PBXFileReference; lastKnownFileType = sourcecode.swift; path = SwiftLeetCodeTests.swift; sourceTree = "<group>"; };
		6BFE6E051F15776B00CA5288 /* Info.plist */ = {isa = PBXFileReference; lastKnownFileType = text.plist.xml; path = Info.plist; sourceTree = "<group>"; };
/* End PBXFileReference section */

/* Begin PBXFrameworksBuildPhase section */
		6BFE6DE81F15776B00CA5288 /* Frameworks */ = {
			isa = PBXFrameworksBuildPhase;
			buildActionMask = 2147483647;
			files = (
			);
			runOnlyForDeploymentPostprocessing = 0;
		};
		6BFE6DFC1F15776B00CA5288 /* Frameworks */ = {
			isa = PBXFrameworksBuildPhase;
			buildActionMask = 2147483647;
			files = (
			);
			runOnlyForDeploymentPostprocessing = 0;
		};
/* End PBXFrameworksBuildPhase section */

/* Begin PBXGroup section */
		6BCE57DA1F1E7B2A00DB2594 /* problems */ = {
			isa = PBXGroup;
			children = (
				6BCE57D81F1E676A00DB2594 /* problems_011_to_020.swift */,
				6B4090741F303DF60067945D /* problems_021_to_030.swift */,
				6BBA42231F42A15B00D42321 /* problems_061_to_070.swift */,
				6B1FFBC31F19CB3E005C1D14 /* problems_111_to_120.swift */,
				6BF6E5D01F4498B600B120F4 /* problems_131_to_140.swift */,
				6BA405091F420DCF00AF386A /* problems_381_to_390.swift */,
				6BAA92AB1F435382004F7A91 /* problems_521_to_530.swift */,
			);
			name = problems;
			sourceTree = "<group>";
		};
		6BF6E5D21F44A0A800B120F4 /* problems_by_topics */ = {
			isa = PBXGroup;
			children = (
				6B1A728E1F61AD3300836FE3 /* BinarySearchProblems.swift */,
				6BF6E5D51F44AF7700B120F4 /* BinarySearchTreeProblems.swift */,
				6BF6E5D31F44A0E700B120F4 /* BreadthFirstSearchProblems.swift */,
				6B6229CD1F4603E600C69A0C /* LinkedListProblems.swift */,
			);
			name = problems_by_topics;
			sourceTree = "<group>";
		};
		6BFE6DE21F15776B00CA5288 = {
			isa = PBXGroup;
			children = (
				6BFE6DED1F15776B00CA5288 /* SwiftLeetCode */,
				6BFE6E021F15776B00CA5288 /* SwiftLeetCodeTests */,
				6BFE6DEC1F15776B00CA5288 /* Products */,
			);
			sourceTree = "<group>";
		};
		6BFE6DEC1F15776B00CA5288 /* Products */ = {
			isa = PBXGroup;
			children = (
				6BFE6DEB1F15776B00CA5288 /* SwiftLeetCode.app */,
				6BFE6DFF1F15776B00CA5288 /* SwiftLeetCodeTests.xctest */,
			);
			name = Products;
			sourceTree = "<group>";
		};
		6BFE6DED1F15776B00CA5288 /* SwiftLeetCode */ = {
			isa = PBXGroup;
			children = (
				6BCE57DA1F1E7B2A00DB2594 /* problems */,
				6BF6E5D21F44A0A800B120F4 /* problems_by_topics */,
				6BFE6DEE1F15776B00CA5288 /* AppDelegate.swift */,
				6BFE6DF01F15776B00CA5288 /* ViewController.swift */,
				6BFE6DF21F15776B00CA5288 /* Main.storyboard */,
				6BFE6DF51F15776B00CA5288 /* Assets.xcassets */,
				6BFE6DF71F15776B00CA5288 /* LaunchScreen.storyboard */,
				6BFE6DFA1F15776B00CA5288 /* Info.plist */,
				6B1FFBC51F19CBA2005C1D14 /* data_structure.swift */,
			);
			path = SwiftLeetCode;
			sourceTree = "<group>";
		};
		6BFE6E021F15776B00CA5288 /* SwiftLeetCodeTests */ = {
			isa = PBXGroup;
			children = (
				6BFE6E031F15776B00CA5288 /* SwiftLeetCodeTests.swift */,
				6BFE6E051F15776B00CA5288 /* Info.plist */,
			);
			path = SwiftLeetCodeTests;
			sourceTree = "<group>";
		};
/* End PBXGroup section */

/* Begin PBXNativeTarget section */
		6BFE6DEA1F15776B00CA5288 /* SwiftLeetCode */ = {
			isa = PBXNativeTarget;
			buildConfigurationList = 6BFE6E081F15776B00CA5288 /* Build configuration list for PBXNativeTarget "SwiftLeetCode" */;
			buildPhases = (
				6BFE6DE71F15776B00CA5288 /* Sources */,
				6BFE6DE81F15776B00CA5288 /* Frameworks */,
				6BFE6DE91F15776B00CA5288 /* Resources */,
			);
			buildRules = (
			);
			dependencies = (
			);
			name = SwiftLeetCode;
			productName = SwiftLeetCode;
			productReference = 6BFE6DEB1F15776B00CA5288 /* SwiftLeetCode.app */;
			productType = "com.apple.product-type.application";
		};
		6BFE6DFE1F15776B00CA5288 /* SwiftLeetCodeTests */ = {
			isa = PBXNativeTarget;
			buildConfigurationList = 6BFE6E0B1F15776B00CA5288 /* Build configuration list for PBXNativeTarget "SwiftLeetCodeTests" */;
			buildPhases = (
				6BFE6DFB1F15776B00CA5288 /* Sources */,
				6BFE6DFC1F15776B00CA5288 /* Frameworks */,
				6BFE6DFD1F15776B00CA5288 /* Resources */,
			);
			buildRules = (
			);
			dependencies = (
				6BFE6E011F15776B00CA5288 /* PBXTargetDependency */,
			);
			name = SwiftLeetCodeTests;
			productName = SwiftLeetCodeTests;
			productReference = 6BFE6DFF1F15776B00CA5288 /* SwiftLeetCodeTests.xctest */;
			productType = "com.apple.product-type.bundle.unit-test";
		};
/* End PBXNativeTarget section */

/* Begin PBXProject section */
		6BFE6DE31F15776B00CA5288 /* Project object */ = {
			isa = PBXProject;
			attributes = {
				LastSwiftUpdateCheck = 0820;
				LastUpgradeCheck = 0820;
				ORGANIZATIONNAME = sunnystudio;
				TargetAttributes = {
					6BFE6DEA1F15776B00CA5288 = {
						CreatedOnToolsVersion = 8.2.1;
						DevelopmentTeam = 889868CA9D;
						ProvisioningStyle = Automatic;
					};
					6BFE6DFE1F15776B00CA5288 = {
						CreatedOnToolsVersion = 8.2.1;
						DevelopmentTeam = 889868CA9D;
						ProvisioningStyle = Automatic;
						TestTargetID = 6BFE6DEA1F15776B00CA5288;
					};
				};
			};
			buildConfigurationList = 6BFE6DE61F15776B00CA5288 /* Build configuration list for PBXProject "SwiftLeetCode" */;
			compatibilityVersion = "Xcode 3.2";
			developmentRegion = English;
			hasScannedForEncodings = 0;
			knownRegions = (
				en,
				Base,
			);
			mainGroup = 6BFE6DE21F15776B00CA5288;
			productRefGroup = 6BFE6DEC1F15776B00CA5288 /* Products */;
			projectDirPath = "";
			projectRoot = "";
			targets = (
				6BFE6DEA1F15776B00CA5288 /* SwiftLeetCode */,
				6BFE6DFE1F15776B00CA5288 /* SwiftLeetCodeTests */,
			);
		};
/* End PBXProject section */

/* Begin PBXResourcesBuildPhase section */
		6BFE6DE91F15776B00CA5288 /* Resources */ = {
			isa = PBXResourcesBuildPhase;
			buildActionMask = 2147483647;
			files = (
				6BFE6DF91F15776B00CA5288 /* LaunchScreen.storyboard in Resources */,
				6BFE6DF61F15776B00CA5288 /* Assets.xcassets in Resources */,
				6BFE6DF41F15776B00CA5288 /* Main.storyboard in Resources */,
			);
			runOnlyForDeploymentPostprocessing = 0;
		};
		6BFE6DFD1F15776B00CA5288 /* Resources */ = {
			isa = PBXResourcesBuildPhase;
			buildActionMask = 2147483647;
			files = (
			);
			runOnlyForDeploymentPostprocessing = 0;
		};
/* End PBXResourcesBuildPhase section */

/* Begin PBXSourcesBuildPhase section */
		6BFE6DE71F15776B00CA5288 /* Sources */ = {
			isa = PBXSourcesBuildPhase;
			buildActionMask = 2147483647;
			files = (
				6B4090751F303DF60067945D /* problems_021_to_030.swift in Sources */,
				6BAA92AC1F435382004F7A91 /* problems_521_to_530.swift in Sources */,
				6BF6E5D11F4498B600B120F4 /* problems_131_to_140.swift in Sources */,
				6BA4050A1F420DCF00AF386A /* problems_381_to_390.swift in Sources */,
				6BF6E5D61F44AF7700B120F4 /* BinarySearchTreeProblems.swift in Sources */,
				6BCE57D91F1E676A00DB2594 /* problems_011_to_020.swift in Sources */,
				6B1FFBC41F19CB3E005C1D14 /* problems_111_to_120.swift in Sources */,
				6B1FFBC61F19CBA2005C1D14 /* data_structure.swift in Sources */,
				6BF6E5D41F44A0E700B120F4 /* BreadthFirstSearchProblems.swift in Sources */,
				6BFE6DF11F15776B00CA5288 /* ViewController.swift in Sources */,
				6B6229CE1F4603E600C69A0C /* LinkedListProblems.swift in Sources */,
				6BBA42241F42A15B00D42321 /* problems_061_to_070.swift in Sources */,
				6B1A728F1F61AD3300836FE3 /* BinarySearchProblems.swift in Sources */,
				6BFE6DEF1F15776B00CA5288 /* AppDelegate.swift in Sources */,
			);
			runOnlyForDeploymentPostprocessing = 0;
		};
		6BFE6DFB1F15776B00CA5288 /* Sources */ = {
			isa = PBXSourcesBuildPhase;
			buildActionMask = 2147483647;
			files = (
				6BFE6E041F15776B00CA5288 /* SwiftLeetCodeTests.swift in Sources */,
			);
			runOnlyForDeploymentPostprocessing = 0;
		};
/* End PBXSourcesBuildPhase section */

/* Begin PBXTargetDependency section */
		6BFE6E011F15776B00CA5288 /* PBXTargetDependency */ = {
			isa = PBXTargetDependency;
			target = 6BFE6DEA1F15776B00CA5288 /* SwiftLeetCode */;
			targetProxy = 6BFE6E001F15776B00CA5288 /* PBXContainerItemProxy */;
		};
/* End PBXTargetDependency section */

/* Begin PBXVariantGroup section */
		6BFE6DF21F15776B00CA5288 /* Main.storyboard */ = {
			isa = PBXVariantGroup;
			children = (
				6BFE6DF31F15776B00CA5288 /* Base */,
			);
			name = Main.storyboard;
			sourceTree = "<group>";
		};
		6BFE6DF71F15776B00CA5288 /* LaunchScreen.storyboard */ = {
			isa = PBXVariantGroup;
			children = (
				6BFE6DF81F15776B00CA5288 /* Base */,
			);
			name = LaunchScreen.storyboard;
			sourceTree = "<group>";
		};
/* End PBXVariantGroup section */

/* Begin XCBuildConfiguration section */
		6BFE6E061F15776B00CA5288 /* Debug */ = {
			isa = XCBuildConfiguration;
			buildSettings = {
				ALWAYS_SEARCH_USER_PATHS = NO;
				CLANG_ANALYZER_NONNULL = YES;
				CLANG_CXX_LANGUAGE_STANDARD = "gnu++0x";
				CLANG_CXX_LIBRARY = "libc++";
				CLANG_ENABLE_MODULES = YES;
				CLANG_ENABLE_OBJC_ARC = YES;
				CLANG_WARN_BOOL_CONVERSION = YES;
				CLANG_WARN_CONSTANT_CONVERSION = YES;
				CLANG_WARN_DIRECT_OBJC_ISA_USAGE = YES_ERROR;
				CLANG_WARN_DOCUMENTATION_COMMENTS = YES;
				CLANG_WARN_EMPTY_BODY = YES;
				CLANG_WARN_ENUM_CONVERSION = YES;
				CLANG_WARN_INFINITE_RECURSION = YES;
				CLANG_WARN_INT_CONVERSION = YES;
				CLANG_WARN_OBJC_ROOT_CLASS = YES_ERROR;
				CLANG_WARN_SUSPICIOUS_MOVE = YES;
				CLANG_WARN_UNREACHABLE_CODE = YES;
				CLANG_WARN__DUPLICATE_METHOD_MATCH = YES;
				"CODE_SIGN_IDENTITY[sdk=iphoneos*]" = "iPhone Developer";
				COPY_PHASE_STRIP = NO;
				DEBUG_INFORMATION_FORMAT = dwarf;
				ENABLE_STRICT_OBJC_MSGSEND = YES;
				ENABLE_TESTABILITY = YES;
				GCC_C_LANGUAGE_STANDARD = gnu99;
				GCC_DYNAMIC_NO_PIC = NO;
				GCC_NO_COMMON_BLOCKS = YES;
				GCC_OPTIMIZATION_LEVEL = 0;
				GCC_PREPROCESSOR_DEFINITIONS = (
					"DEBUG=1",
					"$(inherited)",
				);
				GCC_WARN_64_TO_32_BIT_CONVERSION = YES;
				GCC_WARN_ABOUT_RETURN_TYPE = YES_ERROR;
				GCC_WARN_UNDECLARED_SELECTOR = YES;
				GCC_WARN_UNINITIALIZED_AUTOS = YES_AGGRESSIVE;
				GCC_WARN_UNUSED_FUNCTION = YES;
				GCC_WARN_UNUSED_VARIABLE = YES;
				IPHONEOS_DEPLOYMENT_TARGET = 10.2;
				MTL_ENABLE_DEBUG_INFO = YES;
				ONLY_ACTIVE_ARCH = YES;
				SDKROOT = iphoneos;
				SWIFT_ACTIVE_COMPILATION_CONDITIONS = DEBUG;
				SWIFT_OPTIMIZATION_LEVEL = "-Onone";
				TARGETED_DEVICE_FAMILY = "1,2";
			};
			name = Debug;
		};
		6BFE6E071F15776B00CA5288 /* Release */ = {
			isa = XCBuildConfiguration;
			buildSettings = {
				ALWAYS_SEARCH_USER_PATHS = NO;
				CLANG_ANALYZER_NONNULL = YES;
				CLANG_CXX_LANGUAGE_STANDARD = "gnu++0x";
				CLANG_CXX_LIBRARY = "libc++";
				CLANG_ENABLE_MODULES = YES;
				CLANG_ENABLE_OBJC_ARC = YES;
				CLANG_WARN_BOOL_CONVERSION = YES;
				CLANG_WARN_CONSTANT_CONVERSION = YES;
				CLANG_WARN_DIRECT_OBJC_ISA_USAGE = YES_ERROR;
				CLANG_WARN_DOCUMENTATION_COMMENTS = YES;
				CLANG_WARN_EMPTY_BODY = YES;
				CLANG_WARN_ENUM_CONVERSION = YES;
				CLANG_WARN_INFINITE_RECURSION = YES;
				CLANG_WARN_INT_CONVERSION = YES;
				CLANG_WARN_OBJC_ROOT_CLASS = YES_ERROR;
				CLANG_WARN_SUSPICIOUS_MOVE = YES;
				CLANG_WARN_UNREACHABLE_CODE = YES;
				CLANG_WARN__DUPLICATE_METHOD_MATCH = YES;
				"CODE_SIGN_IDENTITY[sdk=iphoneos*]" = "iPhone Developer";
				COPY_PHASE_STRIP = NO;
				DEBUG_INFORMATION_FORMAT = "dwarf-with-dsym";
				ENABLE_NS_ASSERTIONS = NO;
				ENABLE_STRICT_OBJC_MSGSEND = YES;
				GCC_C_LANGUAGE_STANDARD = gnu99;
				GCC_NO_COMMON_BLOCKS = YES;
				GCC_WARN_64_TO_32_BIT_CONVERSION = YES;
				GCC_WARN_ABOUT_RETURN_TYPE = YES_ERROR;
				GCC_WARN_UNDECLARED_SELECTOR = YES;
				GCC_WARN_UNINITIALIZED_AUTOS = YES_AGGRESSIVE;
				GCC_WARN_UNUSED_FUNCTION = YES;
				GCC_WARN_UNUSED_VARIABLE = YES;
				IPHONEOS_DEPLOYMENT_TARGET = 10.2;
				MTL_ENABLE_DEBUG_INFO = NO;
				SDKROOT = iphoneos;
				SWIFT_OPTIMIZATION_LEVEL = "-Owholemodule";
				TARGETED_DEVICE_FAMILY = "1,2";
				VALIDATE_PRODUCT = YES;
			};
			name = Release;
		};
		6BFE6E091F15776B00CA5288 /* Debug */ = {
			isa = XCBuildConfiguration;
			buildSettings = {
				ASSETCATALOG_COMPILER_APPICON_NAME = AppIcon;
				DEVELOPMENT_TEAM = 889868CA9D;
				INFOPLIST_FILE = SwiftLeetCode/Info.plist;
				LD_RUNPATH_SEARCH_PATHS = "$(inherited) @executable_path/Frameworks";
				PRODUCT_BUNDLE_IDENTIFIER = com.sunnystudio.SwiftLeetCode;
				PRODUCT_NAME = "$(TARGET_NAME)";
				SWIFT_VERSION = 3.0;
			};
			name = Debug;
		};
		6BFE6E0A1F15776B00CA5288 /* Release */ = {
			isa = XCBuildConfiguration;
			buildSettings = {
				ASSETCATALOG_COMPILER_APPICON_NAME = AppIcon;
				DEVELOPMENT_TEAM = 889868CA9D;
				INFOPLIST_FILE = SwiftLeetCode/Info.plist;
				LD_RUNPATH_SEARCH_PATHS = "$(inherited) @executable_path/Frameworks";
				PRODUCT_BUNDLE_IDENTIFIER = com.sunnystudio.SwiftLeetCode;
				PRODUCT_NAME = "$(TARGET_NAME)";
				SWIFT_VERSION = 3.0;
			};
			name = Release;
		};
		6BFE6E0C1F15776B00CA5288 /* Debug */ = {
			isa = XCBuildConfiguration;
			buildSettings = {
				ALWAYS_EMBED_SWIFT_STANDARD_LIBRARIES = YES;
				BUNDLE_LOADER = "$(TEST_HOST)";
				DEVELOPMENT_TEAM = 889868CA9D;
				INFOPLIST_FILE = SwiftLeetCodeTests/Info.plist;
				LD_RUNPATH_SEARCH_PATHS = "$(inherited) @executable_path/Frameworks @loader_path/Frameworks";
				PRODUCT_BUNDLE_IDENTIFIER = com.sunnystudio.SwiftLeetCodeTests;
				PRODUCT_NAME = "$(TARGET_NAME)";
				SWIFT_VERSION = 3.0;
				TEST_HOST = "$(BUILT_PRODUCTS_DIR)/SwiftLeetCode.app/SwiftLeetCode";
			};
			name = Debug;
		};
		6BFE6E0D1F15776B00CA5288 /* Release */ = {
			isa = XCBuildConfiguration;
			buildSettings = {
				ALWAYS_EMBED_SWIFT_STANDARD_LIBRARIES = YES;
				BUNDLE_LOADER = "$(TEST_HOST)";
				DEVELOPMENT_TEAM = 889868CA9D;
				INFOPLIST_FILE = SwiftLeetCodeTests/Info.plist;
				LD_RUNPATH_SEARCH_PATHS = "$(inherited) @executable_path/Frameworks @loader_path/Frameworks";
				PRODUCT_BUNDLE_IDENTIFIER = com.sunnystudio.SwiftLeetCodeTests;
				PRODUCT_NAME = "$(TARGET_NAME)";
				SWIFT_VERSION = 3.0;
				TEST_HOST = "$(BUILT_PRODUCTS_DIR)/SwiftLeetCode.app/SwiftLeetCode";
			};
			name = Release;
		};
/* End XCBuildConfiguration section */

/* Begin XCConfigurationList section */
		6BFE6DE61F15776B00CA5288 /* Build configuration list for PBXProject "SwiftLeetCode" */ = {
			isa = XCConfigurationList;
			buildConfigurations = (
				6BFE6E061F15776B00CA5288 /* Debug */,
				6BFE6E071F15776B00CA5288 /* Release */,
			);
			defaultConfigurationIsVisible = 0;
			defaultConfigurationName = Release;
		};
		6BFE6E081F15776B00CA5288 /* Build configuration list for PBXNativeTarget "SwiftLeetCode" */ = {
			isa = XCConfigurationList;
			buildConfigurations = (
				6BFE6E091F15776B00CA5288 /* Debug */,
				6BFE6E0A1F15776B00CA5288 /* Release */,
			);
			defaultConfigurationIsVisible = 0;
			defaultConfigurationName = Release;
		};
		6BFE6E0B1F15776B00CA5288 /* Build configuration list for PBXNativeTarget "SwiftLeetCodeTests" */ = {
			isa = XCConfigurationList;
			buildConfigurations = (
				6BFE6E0C1F15776B00CA5288 /* Debug */,
				6BFE6E0D1F15776B00CA5288 /* Release */,
			);
			defaultConfigurationIsVisible = 0;
			defaultConfigurationName = Release;
		};
/* End XCConfigurationList section */
	};
	rootObject = 6BFE6DE31F15776B00CA5288 /* Project object */;
}
